
Microsoft Visual Studio Solution File, Format Version 12.00
# Visual Studio Version 17
VisualStudioVersion = 17.0.31903.59
MinimumVisualStudioVersion = 10.0.40219.1
Project("{2150E333-8FDC-42A3-9474-1A3956D46DE8}") = "src", "src", "{53BB6F01-251E-41E7-BCDB-E99123B91D30}"
EndProject
Project("{FAE04EC0-301F-11D3-BF4B-00C04F79EFBC}") = "Target.Challenges", "src\Target.Challenges\Target.Challenges.csproj", "{A4D95E9B-71B4-4E72-871F-D61551DADAF6}"
EndProject
Project("{2150E333-8FDC-42A3-9474-1A3956D46DE8}") = "tests", "tests", "{87C5FC4D-8422-4483-80D1-14082A4DE5CB}"
EndProject
Project("{FAE04EC0-301F-11D3-BF4B-00C04F79EFBC}") = "Target.Challenges.Tests", "tests\Target.Challenges.Tests\Target.Challenges.Tests.csproj", "{5DB8BF52-8F5C-4627-9C90-BCBF386C228D}"
EndProject
Global
	GlobalSection(SolutionConfigurationPlatforms) = preSolution
		Debug|Any CPU = Debug|Any CPU
		Release|Any CPU = Release|Any CPU
	EndGlobalSection
	GlobalSection(SolutionProperties) = preSolution
		HideSolutionNode = FALSE
	EndGlobalSection
	GlobalSection(ProjectConfigurationPlatforms) = postSolution
		{A4D95E9B-71B4-4E72-871F-D61551DADAF6}.Debug|Any CPU.ActiveCfg = Debug|Any CPU
		{A4D95E9B-71B4-4E72-871F-D61551DADAF6}.Debug|Any CPU.Build.0 = Debug|Any CPU
		{A4D95E9B-71B4-4E72-871F-D61551DADAF6}.Release|Any CPU.ActiveCfg = Release|Any CPU
		{A4D95E9B-71B4-4E72-871F-D61551DADAF6}.Release|Any CPU.Build.0 = Release|Any CPU
		{5DB8BF52-8F5C-4627-9C90-BCBF386C228D}.Debug|Any CPU.ActiveCfg = Debug|Any CPU
		{5DB8BF52-8F5C-4627-9C90-BCBF386C228D}.Debug|Any CPU.Build.0 = Debug|Any CPU
		{5DB8BF52-8F5C-4627-9C90-BCBF386C228D}.Release|Any CPU.ActiveCfg = Release|Any CPU
		{5DB8BF52-8F5C-4627-9C90-BCBF386C228D}.Release|Any CPU.Build.0 = Release|Any CPU
	EndGlobalSection
	GlobalSection(NestedProjects) = preSolution
		{A4D95E9B-71B4-4E72-871F-D61551DADAF6} = {53BB6F01-251E-41E7-BCDB-E99123B91D30}
		{5DB8BF52-8F5C-4627-9C90-BCBF386C228D} = {87C5FC4D-8422-4483-80D1-14082A4DE5CB}
	EndGlobalSection
EndGlobal
